
Microsoft Visual Studio Solution File, Format Version 12.00
# Visual Studio Version 17
VisualStudioVersion = 17.8.34330.188
MinimumVisualStudioVersion = 10.0.40219.1
Project("{FAE04EC0-301F-11D3-BF4B-00C04F79EFBC}") = "HelloWorld", "HelloWorld\HelloWorld.csproj", "{142393C9-6921-4D64-88A3-0D9315A10F69}"
EndProject
Global
	GlobalSection(SolutionConfigurationPlatforms) = preSolution
		Debug|Any CPU = Debug|Any CPU
		Release|Any CPU = Release|Any CPU
	EndGlobalSection
	GlobalSection(ProjectConfigurationPlatforms) = postSolution
		{142393C9-6921-4D64-88A3-0D9315A10F69}.Debug|Any CPU.ActiveCfg = Debug|Any CPU
		{142393C9-6921-4D64-88A3-0D9315A10F69}.Debug|Any CPU.Build.0 = Debug|Any CPU
		{142393C9-6921-4D64-88A3-0D9315A10F69}.Release|Any CPU.ActiveCfg = Release|Any CPU
		{142393C9-6921-4D64-88A3-0D9315A10F69}.Release|Any CPU.Build.0 = Release|Any CPU
	EndGlobalSection
	GlobalSection(SolutionProperties) = preSolution
		HideSolutionNode = FALSE
	EndGlobalSection
	GlobalSection(ExtensibilityGlobals) = postSolution
		SolutionGuid = {63A9C748-2EEE-438D-91CA-C5D58D810D5E}
	EndGlobalSection
EndGlobal
